
Microsoft Visual Studio Solution File, Format Version 12.00
# Visual Studio Version 17
VisualStudioVersion = 17.5.002.0
MinimumVisualStudioVersion = 10.0.40219.1
Project("{9A19103F-16F7-4668-BE54-9A1E7A4F7556}") = "AppConfigLib", "AppConfigLib\AppConfigLib.csproj", "{D038205E-FBA6-4238-8176-3D3A8718C506}"
EndProject
Project("{9A19103F-16F7-4668-BE54-9A1E7A4F7556}") = "FlattenCB", "FlattenCB\FlattenCB.csproj", "{4DBEF0BA-3E89-41DA-83AF-080255FD4033}"
EndProject
Project("{FAE04EC0-301F-11D3-BF4B-00C04F79EFBC}") = "FlattenDockerRunCB", "FlattenDockerRunCB\FlattenDockerRunCB.csproj", "{87693E01-744A-4441-9A88-8D3ACEA56BD8}"
EndProject
Global
	GlobalSection(SolutionConfigurationPlatforms) = preSolution
		Debug|Any CPU = Debug|Any CPU
		Release|Any CPU = Release|Any CPU
	EndGlobalSection
	GlobalSection(ProjectConfigurationPlatforms) = postSolution
		{D038205E-FBA6-4238-8176-3D3A8718C506}.Debug|Any CPU.ActiveCfg = Debug|Any CPU
		{D038205E-FBA6-4238-8176-3D3A8718C506}.Debug|Any CPU.Build.0 = Debug|Any CPU
		{D038205E-FBA6-4238-8176-3D3A8718C506}.Release|Any CPU.ActiveCfg = Release|Any CPU
		{D038205E-FBA6-4238-8176-3D3A8718C506}.Release|Any CPU.Build.0 = Release|Any CPU
		{4DBEF0BA-3E89-41DA-83AF-080255FD4033}.Debug|Any CPU.ActiveCfg = Debug|Any CPU
		{4DBEF0BA-3E89-41DA-83AF-080255FD4033}.Debug|Any CPU.Build.0 = Debug|Any CPU
		{4DBEF0BA-3E89-41DA-83AF-080255FD4033}.Release|Any CPU.ActiveCfg = Release|Any CPU
		{4DBEF0BA-3E89-41DA-83AF-080255FD4033}.Release|Any CPU.Build.0 = Release|Any CPU
		{87693E01-744A-4441-9A88-8D3ACEA56BD8}.Debug|Any CPU.ActiveCfg = Debug|Any CPU
		{87693E01-744A-4441-9A88-8D3ACEA56BD8}.Debug|Any CPU.Build.0 = Debug|Any CPU
		{87693E01-744A-4441-9A88-8D3ACEA56BD8}.Release|Any CPU.ActiveCfg = Release|Any CPU
		{87693E01-744A-4441-9A88-8D3ACEA56BD8}.Release|Any CPU.Build.0 = Release|Any CPU
	EndGlobalSection
	GlobalSection(SolutionProperties) = preSolution
		HideSolutionNode = FALSE
	EndGlobalSection
	GlobalSection(ExtensibilityGlobals) = postSolution
		SolutionGuid = {BDD4657F-C1BF-4973-9838-F449E18B8183}
	EndGlobalSection
EndGlobal
